// !$*UTF8*$!
{
	archiveVersion = 1;
	classes = {
	};
	objectVersion = 56;
	objects = {

/* Begin PBXBuildFile section */
		3BD0704F2C1450A9004E3B80 /* ExpenseTrackerApp2App.swift in Sources */ = {isa = PBXBuildFile; fileRef = 3BD0704E2C1450A9004E3B80 /* ExpenseTrackerApp2App.swift */; };
		3BD070512C1450A9004E3B80 /* ContentView.swift in Sources */ = {isa = PBXBuildFile; fileRef = 3BD070502C1450A9004E3B80 /* ContentView.swift */; };
		3BD070532C1450AA004E3B80 /* Assets.xcassets in Resources */ = {isa = PBXBuildFile; fileRef = 3BD070522C1450AA004E3B80 /* Assets.xcassets */; };
		3BD070562C1450AA004E3B80 /* Preview Assets.xcassets in Resources */ = {isa = PBXBuildFile; fileRef = 3BD070552C1450AA004E3B80 /* Preview Assets.xcassets */; };
		3BD0705F2C1451B6004E3B80 /* IntroScreen.swift in Sources */ = {isa = PBXBuildFile; fileRef = 3BD0705E2C1451B6004E3B80 /* IntroScreen.swift */; };
		3BD070612C145BDF004E3B80 /* Tab.swift in Sources */ = {isa = PBXBuildFile; fileRef = 3BD070602C145BDF004E3B80 /* Tab.swift */; };
		3BD070642C145C8C004E3B80 /* Recents.swift in Sources */ = {isa = PBXBuildFile; fileRef = 3BD070632C145C8C004E3B80 /* Recents.swift */; };
		3BD070662C145C90004E3B80 /* Search.swift in Sources */ = {isa = PBXBuildFile; fileRef = 3BD070652C145C90004E3B80 /* Search.swift */; };
		3BD070682C145C94004E3B80 /* Settings.swift in Sources */ = {isa = PBXBuildFile; fileRef = 3BD070672C145C94004E3B80 /* Settings.swift */; };
		3BD0706A2C146576004E3B80 /* Category.swift in Sources */ = {isa = PBXBuildFile; fileRef = 3BD070692C146576004E3B80 /* Category.swift */; };
		3BD0706C2C1465AD004E3B80 /* Transaction.swift in Sources */ = {isa = PBXBuildFile; fileRef = 3BD0706B2C1465AD004E3B80 /* Transaction.swift */; };
		3BD98F432C1482180090002F /* TintColor.swift in Sources */ = {isa = PBXBuildFile; fileRef = 3BD98F422C1482180090002F /* TintColor.swift */; };
		3BD98F462C1486C60090002F /* View+Extensions.swift in Sources */ = {isa = PBXBuildFile; fileRef = 3BD98F452C1486C60090002F /* View+Extensions.swift */; };
		3BD98F482C148FEA0090002F /* Date+Extensions.swift in Sources */ = {isa = PBXBuildFile; fileRef = 3BD98F472C148FEA0090002F /* Date+Extensions.swift */; };
		3BD98F4B2C1492960090002F /* CardView.swift in Sources */ = {isa = PBXBuildFile; fileRef = 3BD98F4A2C1492960090002F /* CardView.swift */; };
		3BD98F4D2C149A120090002F /* TransactionCardView.swift in Sources */ = {isa = PBXBuildFile; fileRef = 3BD98F4C2C149A120090002F /* TransactionCardView.swift */; };
		3BD98F4F2C149E600090002F /* DateFilterView.swift in Sources */ = {isa = PBXBuildFile; fileRef = 3BD98F4E2C149E600090002F /* DateFilterView.swift */; };
/* End PBXBuildFile section */

/* Begin PBXFileReference section */
		3BD0704B2C1450A9004E3B80 /* ExpenseTrackerApp2.app */ = {isa = PBXFileReference; explicitFileType = wrapper.application; includeInIndex = 0; path = ExpenseTrackerApp2.app; sourceTree = BUILT_PRODUCTS_DIR; };
		3BD0704E2C1450A9004E3B80 /* ExpenseTrackerApp2App.swift */ = {isa = PBXFileReference; lastKnownFileType = sourcecode.swift; path = ExpenseTrackerApp2App.swift; sourceTree = "<group>"; };
		3BD070502C1450A9004E3B80 /* ContentView.swift */ = {isa = PBXFileReference; lastKnownFileType = sourcecode.swift; path = ContentView.swift; sourceTree = "<group>"; };
		3BD070522C1450AA004E3B80 /* Assets.xcassets */ = {isa = PBXFileReference; lastKnownFileType = folder.assetcatalog; path = Assets.xcassets; sourceTree = "<group>"; };
		3BD070552C1450AA004E3B80 /* Preview Assets.xcassets */ = {isa = PBXFileReference; lastKnownFileType = folder.assetcatalog; path = "Preview Assets.xcassets"; sourceTree = "<group>"; };
		3BD0705E2C1451B6004E3B80 /* IntroScreen.swift */ = {isa = PBXFileReference; lastKnownFileType = sourcecode.swift; path = IntroScreen.swift; sourceTree = "<group>"; };
		3BD070602C145BDF004E3B80 /* Tab.swift */ = {isa = PBXFileReference; lastKnownFileType = sourcecode.swift; path = Tab.swift; sourceTree = "<group>"; };
		3BD070632C145C8C004E3B80 /* Recents.swift */ = {isa = PBXFileReference; lastKnownFileType = sourcecode.swift; path = Recents.swift; sourceTree = "<group>"; };
		3BD070652C145C90004E3B80 /* Search.swift */ = {isa = PBXFileReference; lastKnownFileType = sourcecode.swift; path = Search.swift; sourceTree = "<group>"; };
		3BD070672C145C94004E3B80 /* Settings.swift */ = {isa = PBXFileReference; lastKnownFileType = sourcecode.swift; path = Settings.swift; sourceTree = "<group>"; };
		3BD070692C146576004E3B80 /* Category.swift */ = {isa = PBXFileReference; lastKnownFileType = sourcecode.swift; path = Category.swift; sourceTree = "<group>"; };
		3BD0706B2C1465AD004E3B80 /* Transaction.swift */ = {isa = PBXFileReference; lastKnownFileType = sourcecode.swift; path = Transaction.swift; sourceTree = "<group>"; };
		3BD98F422C1482180090002F /* TintColor.swift */ = {isa = PBXFileReference; lastKnownFileType = sourcecode.swift; path = TintColor.swift; sourceTree = "<group>"; };
		3BD98F452C1486C60090002F /* View+Extensions.swift */ = {isa = PBXFileReference; lastKnownFileType = sourcecode.swift; path = "View+Extensions.swift"; sourceTree = "<group>"; };
		3BD98F472C148FEA0090002F /* Date+Extensions.swift */ = {isa = PBXFileReference; lastKnownFileType = sourcecode.swift; path = "Date+Extensions.swift"; sourceTree = "<group>"; };
		3BD98F4A2C1492960090002F /* CardView.swift */ = {isa = PBXFileReference; lastKnownFileType = sourcecode.swift; path = CardView.swift; sourceTree = "<group>"; };
		3BD98F4C2C149A120090002F /* TransactionCardView.swift */ = {isa = PBXFileReference; lastKnownFileType = sourcecode.swift; path = TransactionCardView.swift; sourceTree = "<group>"; };
		3BD98F4E2C149E600090002F /* DateFilterView.swift */ = {isa = PBXFileReference; lastKnownFileType = sourcecode.swift; path = DateFilterView.swift; sourceTree = "<group>"; };
/* End PBXFileReference section */

/* Begin PBXFrameworksBuildPhase section */
		3BD070482C1450A9004E3B80 /* Frameworks */ = {
			isa = PBXFrameworksBuildPhase;
			buildActionMask = 2147483647;
			files = (
			);
			runOnlyForDeploymentPostprocessing = 0;
		};
/* End PBXFrameworksBuildPhase section */

/* Begin PBXGroup section */
		3BD070422C1450A9004E3B80 = {
			isa = PBXGroup;
			children = (
				3BD0704D2C1450A9004E3B80 /* ExpenseTrackerApp2 */,
				3BD0704C2C1450A9004E3B80 /* Products */,
			);
			sourceTree = "<group>";
		};
		3BD0704C2C1450A9004E3B80 /* Products */ = {
			isa = PBXGroup;
			children = (
				3BD0704B2C1450A9004E3B80 /* ExpenseTrackerApp2.app */,
			);
			name = Products;
			sourceTree = "<group>";
		};
		3BD0704D2C1450A9004E3B80 /* ExpenseTrackerApp2 */ = {
			isa = PBXGroup;
			children = (
				3BD98F442C1486B80090002F /* Helpers */,
				3BD0705C2C14517D004E3B80 /* Model */,
				3BD0705D2C145186004E3B80 /* View */,
				3BD0704E2C1450A9004E3B80 /* ExpenseTrackerApp2App.swift */,
				3BD070502C1450A9004E3B80 /* ContentView.swift */,
				3BD070522C1450AA004E3B80 /* Assets.xcassets */,
				3BD070542C1450AA004E3B80 /* Preview Content */,
			);
			path = ExpenseTrackerApp2;
			sourceTree = "<group>";
		};
		3BD070542C1450AA004E3B80 /* Preview Content */ = {
			isa = PBXGroup;
			children = (
				3BD070552C1450AA004E3B80 /* Preview Assets.xcassets */,
			);
			path = "Preview Content";
			sourceTree = "<group>";
		};
		3BD0705C2C14517D004E3B80 /* Model */ = {
			isa = PBXGroup;
			children = (
				3BD070602C145BDF004E3B80 /* Tab.swift */,
				3BD070692C146576004E3B80 /* Category.swift */,
				3BD0706B2C1465AD004E3B80 /* Transaction.swift */,
				3BD98F422C1482180090002F /* TintColor.swift */,
			);
			path = Model;
			sourceTree = "<group>";
		};
		3BD0705D2C145186004E3B80 /* View */ = {
			isa = PBXGroup;
			children = (
				3BD98F492C14928B0090002F /* ComponentViews */,
				3BD070622C145C83004E3B80 /* TabViews */,
				3BD0705E2C1451B6004E3B80 /* IntroScreen.swift */,
			);
			path = View;
			sourceTree = "<group>";
		};
		3BD070622C145C83004E3B80 /* TabViews */ = {
			isa = PBXGroup;
			children = (
				3BD070632C145C8C004E3B80 /* Recents.swift */,
				3BD070652C145C90004E3B80 /* Search.swift */,
				3BD070672C145C94004E3B80 /* Settings.swift */,
			);
			path = TabViews;
			sourceTree = "<group>";
		};
		3BD98F442C1486B80090002F /* Helpers */ = {
			isa = PBXGroup;
			children = (
				3BD98F452C1486C60090002F /* View+Extensions.swift */,
				3BD98F472C148FEA0090002F /* Date+Extensions.swift */,
			);
			path = Helpers;
			sourceTree = "<group>";
		};
		3BD98F492C14928B0090002F /* ComponentViews */ = {
			isa = PBXGroup;
			children = (
				3BD98F4A2C1492960090002F /* CardView.swift */,
				3BD98F4C2C149A120090002F /* TransactionCardView.swift */,
				3BD98F4E2C149E600090002F /* DateFilterView.swift */,
			);
			path = ComponentViews;
			sourceTree = "<group>";
		};
/* End PBXGroup section */

/* Begin PBXNativeTarget section */
		3BD0704A2C1450A9004E3B80 /* ExpenseTrackerApp2 */ = {
			isa = PBXNativeTarget;
			buildConfigurationList = 3BD070592C1450AA004E3B80 /* Build configuration list for PBXNativeTarget "ExpenseTrackerApp2" */;
			buildPhases = (
				3BD070472C1450A9004E3B80 /* Sources */,
				3BD070482C1450A9004E3B80 /* Frameworks */,
				3BD070492C1450A9004E3B80 /* Resources */,
			);
			buildRules = (
			);
			dependencies = (
			);
			name = ExpenseTrackerApp2;
			productName = ExpenseTrackerApp2;
			productReference = 3BD0704B2C1450A9004E3B80 /* ExpenseTrackerApp2.app */;
			productType = "com.apple.product-type.application";
		};
/* End PBXNativeTarget section */

/* Begin PBXProject section */
		3BD070432C1450A9004E3B80 /* Project object */ = {
			isa = PBXProject;
			attributes = {
				BuildIndependentTargetsInParallel = 1;
				LastSwiftUpdateCheck = 1540;
				LastUpgradeCheck = 1540;
				TargetAttributes = {
					3BD0704A2C1450A9004E3B80 = {
						CreatedOnToolsVersion = 15.4;
					};
				};
			};
			buildConfigurationList = 3BD070462C1450A9004E3B80 /* Build configuration list for PBXProject "ExpenseTrackerApp2" */;
			compatibilityVersion = "Xcode 14.0";
			developmentRegion = en;
			hasScannedForEncodings = 0;
			knownRegions = (
				en,
				Base,
			);
			mainGroup = 3BD070422C1450A9004E3B80;
			productRefGroup = 3BD0704C2C1450A9004E3B80 /* Products */;
			projectDirPath = "";
			projectRoot = "";
			targets = (
				3BD0704A2C1450A9004E3B80 /* ExpenseTrackerApp2 */,
			);
		};
/* End PBXProject section */

/* Begin PBXResourcesBuildPhase section */
		3BD070492C1450A9004E3B80 /* Resources */ = {
			isa = PBXResourcesBuildPhase;
			buildActionMask = 2147483647;
			files = (
				3BD070562C1450AA004E3B80 /* Preview Assets.xcassets in Resources */,
				3BD070532C1450AA004E3B80 /* Assets.xcassets in Resources */,
			);
			runOnlyForDeploymentPostprocessing = 0;
		};
/* End PBXResourcesBuildPhase section */

/* Begin PBXSourcesBuildPhase section */
		3BD070472C1450A9004E3B80 /* Sources */ = {
			isa = PBXSourcesBuildPhase;
			buildActionMask = 2147483647;
			files = (
				3BD070512C1450A9004E3B80 /* ContentView.swift in Sources */,
				3BD98F4D2C149A120090002F /* TransactionCardView.swift in Sources */,
				3BD0705F2C1451B6004E3B80 /* IntroScreen.swift in Sources */,
				3BD98F462C1486C60090002F /* View+Extensions.swift in Sources */,
				3BD0704F2C1450A9004E3B80 /* ExpenseTrackerApp2App.swift in Sources */,
				3BD070662C145C90004E3B80 /* Search.swift in Sources */,
				3BD98F482C148FEA0090002F /* Date+Extensions.swift in Sources */,
				3BD070682C145C94004E3B80 /* Settings.swift in Sources */,
				3BD98F4F2C149E600090002F /* DateFilterView.swift in Sources */,
				3BD98F4B2C1492960090002F /* CardView.swift in Sources */,
				3BD070612C145BDF004E3B80 /* Tab.swift in Sources */,
				3BD070642C145C8C004E3B80 /* Recents.swift in Sources */,
				3BD0706A2C146576004E3B80 /* Category.swift in Sources */,
				3BD98F432C1482180090002F /* TintColor.swift in Sources */,
				3BD0706C2C1465AD004E3B80 /* Transaction.swift in Sources */,
			);
			runOnlyForDeploymentPostprocessing = 0;
		};
/* End PBXSourcesBuildPhase section */

/* Begin XCBuildConfiguration section */
		3BD070572C1450AA004E3B80 /* Debug */ = {
			isa = XCBuildConfiguration;
			buildSettings = {
				ALWAYS_SEARCH_USER_PATHS = NO;
				ASSETCATALOG_COMPILER_GENERATE_SWIFT_ASSET_SYMBOL_EXTENSIONS = YES;
				CLANG_ANALYZER_NONNULL = YES;
				CLANG_ANALYZER_NUMBER_OBJECT_CONVERSION = YES_AGGRESSIVE;
				CLANG_CXX_LANGUAGE_STANDARD = "gnu++20";
				CLANG_ENABLE_MODULES = YES;
				CLANG_ENABLE_OBJC_ARC = YES;
				CLANG_ENABLE_OBJC_WEAK = YES;
				CLANG_WARN_BLOCK_CAPTURE_AUTORELEASING = YES;
				CLANG_WARN_BOOL_CONVERSION = YES;
				CLANG_WARN_COMMA = YES;
				CLANG_WARN_CONSTANT_CONVERSION = YES;
				CLANG_WARN_DEPRECATED_OBJC_IMPLEMENTATIONS = YES;
				CLANG_WARN_DIRECT_OBJC_ISA_USAGE = YES_ERROR;
				CLANG_WARN_DOCUMENTATION_COMMENTS = YES;
				CLANG_WARN_EMPTY_BODY = YES;
				CLANG_WARN_ENUM_CONVERSION = YES;
				CLANG_WARN_INFINITE_RECURSION = YES;
				CLANG_WARN_INT_CONVERSION = YES;
				CLANG_WARN_NON_LITERAL_NULL_CONVERSION = YES;
				CLANG_WARN_OBJC_IMPLICIT_RETAIN_SELF = YES;
				CLANG_WARN_OBJC_LITERAL_CONVERSION = YES;
				CLANG_WARN_OBJC_ROOT_CLASS = YES_ERROR;
				CLANG_WARN_QUOTED_INCLUDE_IN_FRAMEWORK_HEADER = YES;
				CLANG_WARN_RANGE_LOOP_ANALYSIS = YES;
				CLANG_WARN_STRICT_PROTOTYPES = YES;
				CLANG_WARN_SUSPICIOUS_MOVE = YES;
				CLANG_WARN_UNGUARDED_AVAILABILITY = YES_AGGRESSIVE;
				CLANG_WARN_UNREACHABLE_CODE = YES;
				CLANG_WARN__DUPLICATE_METHOD_MATCH = YES;
				COPY_PHASE_STRIP = NO;
				DEBUG_INFORMATION_FORMAT = dwarf;
				ENABLE_STRICT_OBJC_MSGSEND = YES;
				ENABLE_TESTABILITY = YES;
				ENABLE_USER_SCRIPT_SANDBOXING = YES;
				GCC_C_LANGUAGE_STANDARD = gnu17;
				GCC_DYNAMIC_NO_PIC = NO;
				GCC_NO_COMMON_BLOCKS = YES;
				GCC_OPTIMIZATION_LEVEL = 0;
				GCC_PREPROCESSOR_DEFINITIONS = (
					"DEBUG=1",
					"$(inherited)",
				);
				GCC_WARN_64_TO_32_BIT_CONVERSION = YES;
				GCC_WARN_ABOUT_RETURN_TYPE = YES_ERROR;
				GCC_WARN_UNDECLARED_SELECTOR = YES;
				GCC_WARN_UNINITIALIZED_AUTOS = YES_AGGRESSIVE;
				GCC_WARN_UNUSED_FUNCTION = YES;
				GCC_WARN_UNUSED_VARIABLE = YES;
				IPHONEOS_DEPLOYMENT_TARGET = 17.5;
				LOCALIZATION_PREFERS_STRING_CATALOGS = YES;
				MTL_ENABLE_DEBUG_INFO = INCLUDE_SOURCE;
				MTL_FAST_MATH = YES;
				ONLY_ACTIVE_ARCH = YES;
				SDKROOT = iphoneos;
				SWIFT_ACTIVE_COMPILATION_CONDITIONS = "DEBUG $(inherited)";
				SWIFT_OPTIMIZATION_LEVEL = "-Onone";
			};
			name = Debug;
		};
		3BD070582C1450AA004E3B80 /* Release */ = {
			isa = XCBuildConfiguration;
			buildSettings = {
				ALWAYS_SEARCH_USER_PATHS = NO;
				ASSETCATALOG_COMPILER_GENERATE_SWIFT_ASSET_SYMBOL_EXTENSIONS = YES;
				CLANG_ANALYZER_NONNULL = YES;
				CLANG_ANALYZER_NUMBER_OBJECT_CONVERSION = YES_AGGRESSIVE;
				CLANG_CXX_LANGUAGE_STANDARD = "gnu++20";
				CLANG_ENABLE_MODULES = YES;
				CLANG_ENABLE_OBJC_ARC = YES;
				CLANG_ENABLE_OBJC_WEAK = YES;
				CLANG_WARN_BLOCK_CAPTURE_AUTORELEASING = YES;
				CLANG_WARN_BOOL_CONVERSION = YES;
				CLANG_WARN_COMMA = YES;
				CLANG_WARN_CONSTANT_CONVERSION = YES;
				CLANG_WARN_DEPRECATED_OBJC_IMPLEMENTATIONS = YES;
				CLANG_WARN_DIRECT_OBJC_ISA_USAGE = YES_ERROR;
				CLANG_WARN_DOCUMENTATION_COMMENTS = YES;
				CLANG_WARN_EMPTY_BODY = YES;
				CLANG_WARN_ENUM_CONVERSION = YES;
				CLANG_WARN_INFINITE_RECURSION = YES;
				CLANG_WARN_INT_CONVERSION = YES;
				CLANG_WARN_NON_LITERAL_NULL_CONVERSION = YES;
				CLANG_WARN_OBJC_IMPLICIT_RETAIN_SELF = YES;
				CLANG_WARN_OBJC_LITERAL_CONVERSION = YES;
				CLANG_WARN_OBJC_ROOT_CLASS = YES_ERROR;
				CLANG_WARN_QUOTED_INCLUDE_IN_FRAMEWORK_HEADER = YES;
				CLANG_WARN_RANGE_LOOP_ANALYSIS = YES;
				CLANG_WARN_STRICT_PROTOTYPES = YES;
				CLANG_WARN_SUSPICIOUS_MOVE = YES;
				CLANG_WARN_UNGUARDED_AVAILABILITY = YES_AGGRESSIVE;
				CLANG_WARN_UNREACHABLE_CODE = YES;
				CLANG_WARN__DUPLICATE_METHOD_MATCH = YES;
				COPY_PHASE_STRIP = NO;
				DEBUG_INFORMATION_FORMAT = "dwarf-with-dsym";
				ENABLE_NS_ASSERTIONS = NO;
				ENABLE_STRICT_OBJC_MSGSEND = YES;
				ENABLE_USER_SCRIPT_SANDBOXING = YES;
				GCC_C_LANGUAGE_STANDARD = gnu17;
				GCC_NO_COMMON_BLOCKS = YES;
				GCC_WARN_64_TO_32_BIT_CONVERSION = YES;
				GCC_WARN_ABOUT_RETURN_TYPE = YES_ERROR;
				GCC_WARN_UNDECLARED_SELECTOR = YES;
				GCC_WARN_UNINITIALIZED_AUTOS = YES_AGGRESSIVE;
				GCC_WARN_UNUSED_FUNCTION = YES;
				GCC_WARN_UNUSED_VARIABLE = YES;
				IPHONEOS_DEPLOYMENT_TARGET = 17.5;
				LOCALIZATION_PREFERS_STRING_CATALOGS = YES;
				MTL_ENABLE_DEBUG_INFO = NO;
				MTL_FAST_MATH = YES;
				SDKROOT = iphoneos;
				SWIFT_COMPILATION_MODE = wholemodule;
				VALIDATE_PRODUCT = YES;
			};
			name = Release;
		};
		3BD0705A2C1450AA004E3B80 /* Debug */ = {
			isa = XCBuildConfiguration;
			buildSettings = {
				ASSETCATALOG_COMPILER_APPICON_NAME = AppIcon;
				ASSETCATALOG_COMPILER_GLOBAL_ACCENT_COLOR_NAME = AccentColor;
				CODE_SIGN_STYLE = Automatic;
				CURRENT_PROJECT_VERSION = 1;
				DEVELOPMENT_ASSET_PATHS = "\"ExpenseTrackerApp2/Preview Content\"";
				ENABLE_PREVIEWS = YES;
				GENERATE_INFOPLIST_FILE = YES;
				INFOPLIST_KEY_UIApplicationSceneManifest_Generation = YES;
				INFOPLIST_KEY_UIApplicationSupportsIndirectInputEvents = YES;
				INFOPLIST_KEY_UILaunchScreen_Generation = YES;
				INFOPLIST_KEY_UISupportedInterfaceOrientations_iPad = "UIInterfaceOrientationPortrait UIInterfaceOrientationPortraitUpsideDown UIInterfaceOrientationLandscapeLeft UIInterfaceOrientationLandscapeRight";
				INFOPLIST_KEY_UISupportedInterfaceOrientations_iPhone = "UIInterfaceOrientationPortrait UIInterfaceOrientationLandscapeLeft UIInterfaceOrientationLandscapeRight";
				LD_RUNPATH_SEARCH_PATHS = (
					"$(inherited)",
					"@executable_path/Frameworks",
				);
				MARKETING_VERSION = 1.0;
				PRODUCT_BUNDLE_IDENTIFIER = Project.ExpenseTrackerApp2;
				PRODUCT_NAME = "$(TARGET_NAME)";
				SWIFT_EMIT_LOC_STRINGS = YES;
				SWIFT_VERSION = 5.0;
				TARGETED_DEVICE_FAMILY = "1,2";
			};
			name = Debug;
		};
		3BD0705B2C1450AA004E3B80 /* Release */ = {
			isa = XCBuildConfiguration;
			buildSettings = {
				ASSETCATALOG_COMPILER_APPICON_NAME = AppIcon;
				ASSETCATALOG_COMPILER_GLOBAL_ACCENT_COLOR_NAME = AccentColor;
				CODE_SIGN_STYLE = Automatic;
				CURRENT_PROJECT_VERSION = 1;
				DEVELOPMENT_ASSET_PATHS = "\"ExpenseTrackerApp2/Preview Content\"";
				ENABLE_PREVIEWS = YES;
				GENERATE_INFOPLIST_FILE = YES;
				INFOPLIST_KEY_UIApplicationSceneManifest_Generation = YES;
				INFOPLIST_KEY_UIApplicationSupportsIndirectInputEvents = YES;
				INFOPLIST_KEY_UILaunchScreen_Generation = YES;
				INFOPLIST_KEY_UISupportedInterfaceOrientations_iPad = "UIInterfaceOrientationPortrait UIInterfaceOrientationPortraitUpsideDown UIInterfaceOrientationLandscapeLeft UIInterfaceOrientationLandscapeRight";
				INFOPLIST_KEY_UISupportedInterfaceOrientations_iPhone = "UIInterfaceOrientationPortrait UIInterfaceOrientationLandscapeLeft UIInterfaceOrientationLandscapeRight";
				LD_RUNPATH_SEARCH_PATHS = (
					"$(inherited)",
					"@executable_path/Frameworks",
				);
				MARKETING_VERSION = 1.0;
				PRODUCT_BUNDLE_IDENTIFIER = Project.ExpenseTrackerApp2;
				PRODUCT_NAME = "$(TARGET_NAME)";
				SWIFT_EMIT_LOC_STRINGS = YES;
				SWIFT_VERSION = 5.0;
				TARGETED_DEVICE_FAMILY = "1,2";
			};
			name = Release;
		};
/* End XCBuildConfiguration section */

/* Begin XCConfigurationList section */
		3BD070462C1450A9004E3B80 /* Build configuration list for PBXProject "ExpenseTrackerApp2" */ = {
			isa = XCConfigurationList;
			buildConfigurations = (
				3BD070572C1450AA004E3B80 /* Debug */,
				3BD070582C1450AA004E3B80 /* Release */,
			);
			defaultConfigurationIsVisible = 0;
			defaultConfigurationName = Release;
		};
		3BD070592C1450AA004E3B80 /* Build configuration list for PBXNativeTarget "ExpenseTrackerApp2" */ = {
			isa = XCConfigurationList;
			buildConfigurations = (
				3BD0705A2C1450AA004E3B80 /* Debug */,
				3BD0705B2C1450AA004E3B80 /* Release */,
			);
			defaultConfigurationIsVisible = 0;
			defaultConfigurationName = Release;
		};
/* End XCConfigurationList section */
	};
	rootObject = 3BD070432C1450A9004E3B80 /* Project object */;
}
